
Microsoft Visual Studio Solution File, Format Version 12.00
# Visual Studio Version 16
VisualStudioVersion = 16.0.30717.126
MinimumVisualStudioVersion = 10.0.40219.1
Project("{FAE04EC0-301F-11D3-BF4B-00C04F79EFBC}") = "QIWIAPI", "QIWIAPI\QIWIAPI.csproj", "{375EBF79-0565-42FF-936A-9DA41AD2C6C0}"
EndProject
Project("{FAE04EC0-301F-11D3-BF4B-00C04F79EFBC}") = "Tests", "Tests\Tests.csproj", "{6DBB8E2D-9705-40E0-8AA5-18A64D9CB921}"
EndProject
Global
	GlobalSection(SolutionConfigurationPlatforms) = preSolution
		Debug|Any CPU = Debug|Any CPU
		Release|Any CPU = Release|Any CPU
	EndGlobalSection
	GlobalSection(ProjectConfigurationPlatforms) = postSolution
		{375EBF79-0565-42FF-936A-9DA41AD2C6C0}.Debug|Any CPU.ActiveCfg = Debug|Any CPU
		{375EBF79-0565-42FF-936A-9DA41AD2C6C0}.Debug|Any CPU.Build.0 = Debug|Any CPU
		{375EBF79-0565-42FF-936A-9DA41AD2C6C0}.Release|Any CPU.ActiveCfg = Release|Any CPU
		{375EBF79-0565-42FF-936A-9DA41AD2C6C0}.Release|Any CPU.Build.0 = Release|Any CPU
		{6DBB8E2D-9705-40E0-8AA5-18A64D9CB921}.Debug|Any CPU.ActiveCfg = Debug|Any CPU
		{6DBB8E2D-9705-40E0-8AA5-18A64D9CB921}.Debug|Any CPU.Build.0 = Debug|Any CPU
		{6DBB8E2D-9705-40E0-8AA5-18A64D9CB921}.Release|Any CPU.ActiveCfg = Release|Any CPU
		{6DBB8E2D-9705-40E0-8AA5-18A64D9CB921}.Release|Any CPU.Build.0 = Release|Any CPU
	EndGlobalSection
	GlobalSection(SolutionProperties) = preSolution
		HideSolutionNode = FALSE
	EndGlobalSection
	GlobalSection(ExtensibilityGlobals) = postSolution
		SolutionGuid = {D18938D0-BADE-47A7-A44D-2AEF19B9D246}
	EndGlobalSection
EndGlobal
